// !$*UTF8*$!
{
	archiveVersion = 1;
	classes = {
	};
	objectVersion = 55;
	objects = {

/* Begin PBXBuildFile section */
		2588C8CA2A08C89C002F7EC7 /* AppDelegate.swift in Sources */ = {isa = PBXBuildFile; fileRef = 2588C8C92A08C89C002F7EC7 /* AppDelegate.swift */; };
		2588C8CC2A08C89C002F7EC7 /* SceneDelegate.swift in Sources */ = {isa = PBXBuildFile; fileRef = 2588C8CB2A08C89C002F7EC7 /* SceneDelegate.swift */; };
		2588C8CE2A08C89C002F7EC7 /* ViewController.swift in Sources */ = {isa = PBXBuildFile; fileRef = 2588C8CD2A08C89C002F7EC7 /* ViewController.swift */; };
		2588C8D12A08C89C002F7EC7 /* Main.storyboard in Resources */ = {isa = PBXBuildFile; fileRef = 2588C8CF2A08C89C002F7EC7 /* Main.storyboard */; };
		2588C8D32A08C89D002F7EC7 /* Assets.xcassets in Resources */ = {isa = PBXBuildFile; fileRef = 2588C8D22A08C89D002F7EC7 /* Assets.xcassets */; };
		2588C8D62A08C89D002F7EC7 /* LaunchScreen.storyboard in Resources */ = {isa = PBXBuildFile; fileRef = 2588C8D42A08C89D002F7EC7 /* LaunchScreen.storyboard */; };
		2588C8E12A08C89D002F7EC7 /* UiTetsTableTests.swift in Sources */ = {isa = PBXBuildFile; fileRef = 2588C8E02A08C89D002F7EC7 /* UiTetsTableTests.swift */; };
		2588C8EB2A08C89D002F7EC7 /* UiTetsTableUITests.swift in Sources */ = {isa = PBXBuildFile; fileRef = 2588C8EA2A08C89D002F7EC7 /* UiTetsTableUITests.swift */; };
		2588C8ED2A08C89D002F7EC7 /* UiTetsTableUITestsLaunchTests.swift in Sources */ = {isa = PBXBuildFile; fileRef = 2588C8EC2A08C89D002F7EC7 /* UiTetsTableUITestsLaunchTests.swift */; };
		2588C8FA2A08E8F5002F7EC7 /* SendController.swift in Sources */ = {isa = PBXBuildFile; fileRef = 2588C8F92A08E8F5002F7EC7 /* SendController.swift */; };
/* End PBXBuildFile section */

/* Begin PBXContainerItemProxy section */
		2588C8DD2A08C89D002F7EC7 /* PBXContainerItemProxy */ = {
			isa = PBXContainerItemProxy;
			containerPortal = 2588C8BE2A08C89C002F7EC7 /* Project object */;
			proxyType = 1;
			remoteGlobalIDString = 2588C8C52A08C89C002F7EC7;
			remoteInfo = UiTetsTable;
		};
		2588C8E72A08C89D002F7EC7 /* PBXContainerItemProxy */ = {
			isa = PBXContainerItemProxy;
			containerPortal = 2588C8BE2A08C89C002F7EC7 /* Project object */;
			proxyType = 1;
			remoteGlobalIDString = 2588C8C52A08C89C002F7EC7;
			remoteInfo = UiTetsTable;
		};
/* End PBXContainerItemProxy section */

/* Begin PBXFileReference section */
		2588C8C62A08C89C002F7EC7 /* UiTetsTable.app */ = {isa = PBXFileReference; explicitFileType = wrapper.application; includeInIndex = 0; path = UiTetsTable.app; sourceTree = BUILT_PRODUCTS_DIR; };
		2588C8C92A08C89C002F7EC7 /* AppDelegate.swift */ = {isa = PBXFileReference; lastKnownFileType = sourcecode.swift; path = AppDelegate.swift; sourceTree = "<group>"; };
		2588C8CB2A08C89C002F7EC7 /* SceneDelegate.swift */ = {isa = PBXFileReference; lastKnownFileType = sourcecode.swift; path = SceneDelegate.swift; sourceTree = "<group>"; };
		2588C8CD2A08C89C002F7EC7 /* ViewController.swift */ = {isa = PBXFileReference; lastKnownFileType = sourcecode.swift; path = ViewController.swift; sourceTree = "<group>"; };
		2588C8D02A08C89C002F7EC7 /* Base */ = {isa = PBXFileReference; lastKnownFileType = file.storyboard; name = Base; path = Base.lproj/Main.storyboard; sourceTree = "<group>"; };
		2588C8D22A08C89D002F7EC7 /* Assets.xcassets */ = {isa = PBXFileReference; lastKnownFileType = folder.assetcatalog; path = Assets.xcassets; sourceTree = "<group>"; };
		2588C8D52A08C89D002F7EC7 /* Base */ = {isa = PBXFileReference; lastKnownFileType = file.storyboard; name = Base; path = Base.lproj/LaunchScreen.storyboard; sourceTree = "<group>"; };
		2588C8D72A08C89D002F7EC7 /* Info.plist */ = {isa = PBXFileReference; lastKnownFileType = text.plist.xml; path = Info.plist; sourceTree = "<group>"; };
		2588C8DC2A08C89D002F7EC7 /* UiTetsTableTests.xctest */ = {isa = PBXFileReference; explicitFileType = wrapper.cfbundle; includeInIndex = 0; path = UiTetsTableTests.xctest; sourceTree = BUILT_PRODUCTS_DIR; };
		2588C8E02A08C89D002F7EC7 /* UiTetsTableTests.swift */ = {isa = PBXFileReference; lastKnownFileType = sourcecode.swift; path = UiTetsTableTests.swift; sourceTree = "<group>"; };
		2588C8E62A08C89D002F7EC7 /* UiTetsTableUITests.xctest */ = {isa = PBXFileReference; explicitFileType = wrapper.cfbundle; includeInIndex = 0; path = UiTetsTableUITests.xctest; sourceTree = BUILT_PRODUCTS_DIR; };
		2588C8EA2A08C89D002F7EC7 /* UiTetsTableUITests.swift */ = {isa = PBXFileReference; lastKnownFileType = sourcecode.swift; path = UiTetsTableUITests.swift; sourceTree = "<group>"; };
		2588C8EC2A08C89D002F7EC7 /* UiTetsTableUITestsLaunchTests.swift */ = {isa = PBXFileReference; lastKnownFileType = sourcecode.swift; path = UiTetsTableUITestsLaunchTests.swift; sourceTree = "<group>"; };
		2588C8F92A08E8F5002F7EC7 /* SendController.swift */ = {isa = PBXFileReference; lastKnownFileType = sourcecode.swift; path = SendController.swift; sourceTree = "<group>"; };
/* End PBXFileReference section */

/* Begin PBXFrameworksBuildPhase section */
		2588C8C32A08C89C002F7EC7 /* Frameworks */ = {
			isa = PBXFrameworksBuildPhase;
			buildActionMask = 2147483647;
			files = (
			);
			runOnlyForDeploymentPostprocessing = 0;
		};
		2588C8D92A08C89D002F7EC7 /* Frameworks */ = {
			isa = PBXFrameworksBuildPhase;
			buildActionMask = 2147483647;
			files = (
			);
			runOnlyForDeploymentPostprocessing = 0;
		};
		2588C8E32A08C89D002F7EC7 /* Frameworks */ = {
			isa = PBXFrameworksBuildPhase;
			buildActionMask = 2147483647;
			files = (
			);
			runOnlyForDeploymentPostprocessing = 0;
		};
/* End PBXFrameworksBuildPhase section */

/* Begin PBXGroup section */
		2588C8BD2A08C89C002F7EC7 = {
			isa = PBXGroup;
			children = (
				2588C8C82A08C89C002F7EC7 /* UiTetsTable */,
				2588C8DF2A08C89D002F7EC7 /* UiTetsTableTests */,
				2588C8E92A08C89D002F7EC7 /* UiTetsTableUITests */,
				2588C8C72A08C89C002F7EC7 /* Products */,
			);
			sourceTree = "<group>";
		};
		2588C8C72A08C89C002F7EC7 /* Products */ = {
			isa = PBXGroup;
			children = (
				2588C8C62A08C89C002F7EC7 /* UiTetsTable.app */,
				2588C8DC2A08C89D002F7EC7 /* UiTetsTableTests.xctest */,
				2588C8E62A08C89D002F7EC7 /* UiTetsTableUITests.xctest */,
			);
			name = Products;
			sourceTree = "<group>";
		};
		2588C8C82A08C89C002F7EC7 /* UiTetsTable */ = {
			isa = PBXGroup;
			children = (
				2588C8C92A08C89C002F7EC7 /* AppDelegate.swift */,
				2588C8F92A08E8F5002F7EC7 /* SendController.swift */,
				2588C8CB2A08C89C002F7EC7 /* SceneDelegate.swift */,
				2588C8CD2A08C89C002F7EC7 /* ViewController.swift */,
				2588C8CF2A08C89C002F7EC7 /* Main.storyboard */,
				2588C8D22A08C89D002F7EC7 /* Assets.xcassets */,
				2588C8D42A08C89D002F7EC7 /* LaunchScreen.storyboard */,
				2588C8D72A08C89D002F7EC7 /* Info.plist */,
			);
			path = UiTetsTable;
			sourceTree = "<group>";
		};
		2588C8DF2A08C89D002F7EC7 /* UiTetsTableTests */ = {
			isa = PBXGroup;
			children = (
				2588C8E02A08C89D002F7EC7 /* UiTetsTableTests.swift */,
			);
			path = UiTetsTableTests;
			sourceTree = "<group>";
		};
		2588C8E92A08C89D002F7EC7 /* UiTetsTableUITests */ = {
			isa = PBXGroup;
			children = (
				2588C8EA2A08C89D002F7EC7 /* UiTetsTableUITests.swift */,
				2588C8EC2A08C89D002F7EC7 /* UiTetsTableUITestsLaunchTests.swift */,
			);
			path = UiTetsTableUITests;
			sourceTree = "<group>";
		};
/* End PBXGroup section */

/* Begin PBXNativeTarget section */
		2588C8C52A08C89C002F7EC7 /* UiTetsTable */ = {
			isa = PBXNativeTarget;
			buildConfigurationList = 2588C8F02A08C89D002F7EC7 /* Build configuration list for PBXNativeTarget "UiTetsTable" */;
			buildPhases = (
				2588C8C22A08C89C002F7EC7 /* Sources */,
				2588C8C32A08C89C002F7EC7 /* Frameworks */,
				2588C8C42A08C89C002F7EC7 /* Resources */,
			);
			buildRules = (
			);
			dependencies = (
			);
			name = UiTetsTable;
			productName = UiTetsTable;
			productReference = 2588C8C62A08C89C002F7EC7 /* UiTetsTable.app */;
			productType = "com.apple.product-type.application";
		};
		2588C8DB2A08C89D002F7EC7 /* UiTetsTableTests */ = {
			isa = PBXNativeTarget;
			buildConfigurationList = 2588C8F32A08C89D002F7EC7 /* Build configuration list for PBXNativeTarget "UiTetsTableTests" */;
			buildPhases = (
				2588C8D82A08C89D002F7EC7 /* Sources */,
				2588C8D92A08C89D002F7EC7 /* Frameworks */,
				2588C8DA2A08C89D002F7EC7 /* Resources */,
			);
			buildRules = (
			);
			dependencies = (
				2588C8DE2A08C89D002F7EC7 /* PBXTargetDependency */,
			);
			name = UiTetsTableTests;
			productName = UiTetsTableTests;
			productReference = 2588C8DC2A08C89D002F7EC7 /* UiTetsTableTests.xctest */;
			productType = "com.apple.product-type.bundle.unit-test";
		};
		2588C8E52A08C89D002F7EC7 /* UiTetsTableUITests */ = {
			isa = PBXNativeTarget;
			buildConfigurationList = 2588C8F62A08C89D002F7EC7 /* Build configuration list for PBXNativeTarget "UiTetsTableUITests" */;
			buildPhases = (
				2588C8E22A08C89D002F7EC7 /* Sources */,
				2588C8E32A08C89D002F7EC7 /* Frameworks */,
				2588C8E42A08C89D002F7EC7 /* Resources */,
			);
			buildRules = (
			);
			dependencies = (
				2588C8E82A08C89D002F7EC7 /* PBXTargetDependency */,
			);
			name = UiTetsTableUITests;
			productName = UiTetsTableUITests;
			productReference = 2588C8E62A08C89D002F7EC7 /* UiTetsTableUITests.xctest */;
			productType = "com.apple.product-type.bundle.ui-testing";
		};
/* End PBXNativeTarget section */

/* Begin PBXProject section */
		2588C8BE2A08C89C002F7EC7 /* Project object */ = {
			isa = PBXProject;
			attributes = {
				BuildIndependentTargetsInParallel = 1;
				LastSwiftUpdateCheck = 1310;
				LastUpgradeCheck = 1310;
				TargetAttributes = {
					2588C8C52A08C89C002F7EC7 = {
						CreatedOnToolsVersion = 13.1;
					};
					2588C8DB2A08C89D002F7EC7 = {
						CreatedOnToolsVersion = 13.1;
						TestTargetID = 2588C8C52A08C89C002F7EC7;
					};
					2588C8E52A08C89D002F7EC7 = {
						CreatedOnToolsVersion = 13.1;
						TestTargetID = 2588C8C52A08C89C002F7EC7;
					};
				};
			};
			buildConfigurationList = 2588C8C12A08C89C002F7EC7 /* Build configuration list for PBXProject "UiTetsTable" */;
			compatibilityVersion = "Xcode 13.0";
			developmentRegion = en;
			hasScannedForEncodings = 0;
			knownRegions = (
				en,
				Base,
			);
			mainGroup = 2588C8BD2A08C89C002F7EC7;
			productRefGroup = 2588C8C72A08C89C002F7EC7 /* Products */;
			projectDirPath = "";
			projectRoot = "";
			targets = (
				2588C8C52A08C89C002F7EC7 /* UiTetsTable */,
				2588C8DB2A08C89D002F7EC7 /* UiTetsTableTests */,
				2588C8E52A08C89D002F7EC7 /* UiTetsTableUITests */,
			);
		};
/* End PBXProject section */

/* Begin PBXResourcesBuildPhase section */
		2588C8C42A08C89C002F7EC7 /* Resources */ = {
			isa = PBXResourcesBuildPhase;
			buildActionMask = 2147483647;
			files = (
				2588C8D62A08C89D002F7EC7 /* LaunchScreen.storyboard in Resources */,
				2588C8D32A08C89D002F7EC7 /* Assets.xcassets in Resources */,
				2588C8D12A08C89C002F7EC7 /* Main.storyboard in Resources */,
			);
			runOnlyForDeploymentPostprocessing = 0;
		};
		2588C8DA2A08C89D002F7EC7 /* Resources */ = {
			isa = PBXResourcesBuildPhase;
			buildActionMask = 2147483647;
			files = (
			);
			runOnlyForDeploymentPostprocessing = 0;
		};
		2588C8E42A08C89D002F7EC7 /* Resources */ = {
			isa = PBXResourcesBuildPhase;
			buildActionMask = 2147483647;
			files = (
			);
			runOnlyForDeploymentPostprocessing = 0;
		};
/* End PBXResourcesBuildPhase section */

/* Begin PBXSourcesBuildPhase section */
		2588C8C22A08C89C002F7EC7 /* Sources */ = {
			isa = PBXSourcesBuildPhase;
			buildActionMask = 2147483647;
			files = (
				2588C8CE2A08C89C002F7EC7 /* ViewController.swift in Sources */,
				2588C8FA2A08E8F5002F7EC7 /* SendController.swift in Sources */,
				2588C8CA2A08C89C002F7EC7 /* AppDelegate.swift in Sources */,
				2588C8CC2A08C89C002F7EC7 /* SceneDelegate.swift in Sources */,
			);
			runOnlyForDeploymentPostprocessing = 0;
		};
		2588C8D82A08C89D002F7EC7 /* Sources */ = {
			isa = PBXSourcesBuildPhase;
			buildActionMask = 2147483647;
			files = (
				2588C8E12A08C89D002F7EC7 /* UiTetsTableTests.swift in Sources */,
			);
			runOnlyForDeploymentPostprocessing = 0;
		};
		2588C8E22A08C89D002F7EC7 /* Sources */ = {
			isa = PBXSourcesBuildPhase;
			buildActionMask = 2147483647;
			files = (
				2588C8EB2A08C89D002F7EC7 /* UiTetsTableUITests.swift in Sources */,
				2588C8ED2A08C89D002F7EC7 /* UiTetsTableUITestsLaunchTests.swift in Sources */,
			);
			runOnlyForDeploymentPostprocessing = 0;
		};
/* End PBXSourcesBuildPhase section */

/* Begin PBXTargetDependency section */
		2588C8DE2A08C89D002F7EC7 /* PBXTargetDependency */ = {
			isa = PBXTargetDependency;
			target = 2588C8C52A08C89C002F7EC7 /* UiTetsTable */;
			targetProxy = 2588C8DD2A08C89D002F7EC7 /* PBXContainerItemProxy */;
		};
		2588C8E82A08C89D002F7EC7 /* PBXTargetDependency */ = {
			isa = PBXTargetDependency;
			target = 2588C8C52A08C89C002F7EC7 /* UiTetsTable */;
			targetProxy = 2588C8E72A08C89D002F7EC7 /* PBXContainerItemProxy */;
		};
/* End PBXTargetDependency section */

/* Begin PBXVariantGroup section */
		2588C8CF2A08C89C002F7EC7 /* Main.storyboard */ = {
			isa = PBXVariantGroup;
			children = (
				2588C8D02A08C89C002F7EC7 /* Base */,
			);
			name = Main.storyboard;
			sourceTree = "<group>";
		};
		2588C8D42A08C89D002F7EC7 /* LaunchScreen.storyboard */ = {
			isa = PBXVariantGroup;
			children = (
				2588C8D52A08C89D002F7EC7 /* Base */,
			);
			name = LaunchScreen.storyboard;
			sourceTree = "<group>";
		};
/* End PBXVariantGroup section */

/* Begin XCBuildConfiguration section */
		2588C8EE2A08C89D002F7EC7 /* Debug */ = {
			isa = XCBuildConfiguration;
			buildSettings = {
				ALWAYS_SEARCH_USER_PATHS = NO;
				CLANG_ANALYZER_NONNULL = YES;
				CLANG_ANALYZER_NUMBER_OBJECT_CONVERSION = YES_AGGRESSIVE;
				CLANG_CXX_LANGUAGE_STANDARD = "gnu++17";
				CLANG_CXX_LIBRARY = "libc++";
				CLANG_ENABLE_MODULES = YES;
				CLANG_ENABLE_OBJC_ARC = YES;
				CLANG_ENABLE_OBJC_WEAK = YES;
				CLANG_WARN_BLOCK_CAPTURE_AUTORELEASING = YES;
				CLANG_WARN_BOOL_CONVERSION = YES;
				CLANG_WARN_COMMA = YES;
				CLANG_WARN_CONSTANT_CONVERSION = YES;
				CLANG_WARN_DEPRECATED_OBJC_IMPLEMENTATIONS = YES;
				CLANG_WARN_DIRECT_OBJC_ISA_USAGE = YES_ERROR;
				CLANG_WARN_DOCUMENTATION_COMMENTS = YES;
				CLANG_WARN_EMPTY_BODY = YES;
				CLANG_WARN_ENUM_CONVERSION = YES;
				CLANG_WARN_INFINITE_RECURSION = YES;
				CLANG_WARN_INT_CONVERSION = YES;
				CLANG_WARN_NON_LITERAL_NULL_CONVERSION = YES;
				CLANG_WARN_OBJC_IMPLICIT_RETAIN_SELF = YES;
				CLANG_WARN_OBJC_LITERAL_CONVERSION = YES;
				CLANG_WARN_OBJC_ROOT_CLASS = YES_ERROR;
				CLANG_WARN_QUOTED_INCLUDE_IN_FRAMEWORK_HEADER = YES;
				CLANG_WARN_RANGE_LOOP_ANALYSIS = YES;
				CLANG_WARN_STRICT_PROTOTYPES = YES;
				CLANG_WARN_SUSPICIOUS_MOVE = YES;
				CLANG_WARN_UNGUARDED_AVAILABILITY = YES_AGGRESSIVE;
				CLANG_WARN_UNREACHABLE_CODE = YES;
				CLANG_WARN__DUPLICATE_METHOD_MATCH = YES;
				COPY_PHASE_STRIP = NO;
				DEBUG_INFORMATION_FORMAT = dwarf;
				ENABLE_STRICT_OBJC_MSGSEND = YES;
				ENABLE_TESTABILITY = YES;
				GCC_C_LANGUAGE_STANDARD = gnu11;
				GCC_DYNAMIC_NO_PIC = NO;
				GCC_NO_COMMON_BLOCKS = YES;
				GCC_OPTIMIZATION_LEVEL = 0;
				GCC_PREPROCESSOR_DEFINITIONS = (
					"DEBUG=1",
					"$(inherited)",
				);
				GCC_WARN_64_TO_32_BIT_CONVERSION = YES;
				GCC_WARN_ABOUT_RETURN_TYPE = YES_ERROR;
				GCC_WARN_UNDECLARED_SELECTOR = YES;
				GCC_WARN_UNINITIALIZED_AUTOS = YES_AGGRESSIVE;
				GCC_WARN_UNUSED_FUNCTION = YES;
				GCC_WARN_UNUSED_VARIABLE = YES;
				IPHONEOS_DEPLOYMENT_TARGET = 15.0;
				MTL_ENABLE_DEBUG_INFO = INCLUDE_SOURCE;
				MTL_FAST_MATH = YES;
				ONLY_ACTIVE_ARCH = YES;
				SDKROOT = iphoneos;
				SWIFT_ACTIVE_COMPILATION_CONDITIONS = DEBUG;
				SWIFT_OPTIMIZATION_LEVEL = "-Onone";
			};
			name = Debug;
		};
		2588C8EF2A08C89D002F7EC7 /* Release */ = {
			isa = XCBuildConfiguration;
			buildSettings = {
				ALWAYS_SEARCH_USER_PATHS = NO;
				CLANG_ANALYZER_NONNULL = YES;
				CLANG_ANALYZER_NUMBER_OBJECT_CONVERSION = YES_AGGRESSIVE;
				CLANG_CXX_LANGUAGE_STANDARD = "gnu++17";
				CLANG_CXX_LIBRARY = "libc++";
				CLANG_ENABLE_MODULES = YES;
				CLANG_ENABLE_OBJC_ARC = YES;
				CLANG_ENABLE_OBJC_WEAK = YES;
				CLANG_WARN_BLOCK_CAPTURE_AUTORELEASING = YES;
				CLANG_WARN_BOOL_CONVERSION = YES;
				CLANG_WARN_COMMA = YES;
				CLANG_WARN_CONSTANT_CONVERSION = YES;
				CLANG_WARN_DEPRECATED_OBJC_IMPLEMENTATIONS = YES;
				CLANG_WARN_DIRECT_OBJC_ISA_USAGE = YES_ERROR;
				CLANG_WARN_DOCUMENTATION_COMMENTS = YES;
				CLANG_WARN_EMPTY_BODY = YES;
				CLANG_WARN_ENUM_CONVERSION = YES;
				CLANG_WARN_INFINITE_RECURSION = YES;
				CLANG_WARN_INT_CONVERSION = YES;
				CLANG_WARN_NON_LITERAL_NULL_CONVERSION = YES;
				CLANG_WARN_OBJC_IMPLICIT_RETAIN_SELF = YES;
				CLANG_WARN_OBJC_LITERAL_CONVERSION = YES;
				CLANG_WARN_OBJC_ROOT_CLASS = YES_ERROR;
				CLANG_WARN_QUOTED_INCLUDE_IN_FRAMEWORK_HEADER = YES;
				CLANG_WARN_RANGE_LOOP_ANALYSIS = YES;
				CLANG_WARN_STRICT_PROTOTYPES = YES;
				CLANG_WARN_SUSPICIOUS_MOVE = YES;
				CLANG_WARN_UNGUARDED_AVAILABILITY = YES_AGGRESSIVE;
				CLANG_WARN_UNREACHABLE_CODE = YES;
				CLANG_WARN__DUPLICATE_METHOD_MATCH = YES;
				COPY_PHASE_STRIP = NO;
				DEBUG_INFORMATION_FORMAT = "dwarf-with-dsym";
				ENABLE_NS_ASSERTIONS = NO;
				ENABLE_STRICT_OBJC_MSGSEND = YES;
				GCC_C_LANGUAGE_STANDARD = gnu11;
				GCC_NO_COMMON_BLOCKS = YES;
				GCC_WARN_64_TO_32_BIT_CONVERSION = YES;
				GCC_WARN_ABOUT_RETURN_TYPE = YES_ERROR;
				GCC_WARN_UNDECLARED_SELECTOR = YES;
				GCC_WARN_UNINITIALIZED_AUTOS = YES_AGGRESSIVE;
				GCC_WARN_UNUSED_FUNCTION = YES;
				GCC_WARN_UNUSED_VARIABLE = YES;
				IPHONEOS_DEPLOYMENT_TARGET = 15.0;
				MTL_ENABLE_DEBUG_INFO = NO;
				MTL_FAST_MATH = YES;
				SDKROOT = iphoneos;
				SWIFT_COMPILATION_MODE = wholemodule;
				SWIFT_OPTIMIZATION_LEVEL = "-O";
				VALIDATE_PRODUCT = YES;
			};
			name = Release;
		};
		2588C8F12A08C89D002F7EC7 /* Debug */ = {
			isa = XCBuildConfiguration;
			buildSettings = {
				ASSETCATALOG_COMPILER_APPICON_NAME = AppIcon;
				ASSETCATALOG_COMPILER_GLOBAL_ACCENT_COLOR_NAME = AccentColor;
				CODE_SIGN_STYLE = Automatic;
				CURRENT_PROJECT_VERSION = 1;
				DEVELOPMENT_TEAM = 3K452862FK;
				GENERATE_INFOPLIST_FILE = YES;
				INFOPLIST_FILE = UiTetsTable/Info.plist;
				INFOPLIST_KEY_UIApplicationSupportsIndirectInputEvents = YES;
				INFOPLIST_KEY_UILaunchStoryboardName = LaunchScreen;
				INFOPLIST_KEY_UIMainStoryboardFile = Main;
				INFOPLIST_KEY_UISupportedInterfaceOrientations_iPad = "UIInterfaceOrientationPortrait UIInterfaceOrientationPortraitUpsideDown UIInterfaceOrientationLandscapeLeft UIInterfaceOrientationLandscapeRight";
				INFOPLIST_KEY_UISupportedInterfaceOrientations_iPhone = "UIInterfaceOrientationPortrait UIInterfaceOrientationLandscapeLeft UIInterfaceOrientationLandscapeRight";
				LD_RUNPATH_SEARCH_PATHS = (
					"$(inherited)",
					"@executable_path/Frameworks",
				);
				MARKETING_VERSION = 1.0;
				PRODUCT_BUNDLE_IDENTIFIER = com.tht.UiTetsTable;
				PRODUCT_NAME = "$(TARGET_NAME)";
				SWIFT_EMIT_LOC_STRINGS = YES;
				SWIFT_VERSION = 5.0;
				TARGETED_DEVICE_FAMILY = "1,2";
			};
			name = Debug;
		};
		2588C8F22A08C89D002F7EC7 /* Release */ = {
			isa = XCBuildConfiguration;
			buildSettings = {
				ASSETCATALOG_COMPILER_APPICON_NAME = AppIcon;
				ASSETCATALOG_COMPILER_GLOBAL_ACCENT_COLOR_NAME = AccentColor;
				CODE_SIGN_STYLE = Automatic;
				CURRENT_PROJECT_VERSION = 1;
				DEVELOPMENT_TEAM = 3K452862FK;
				GENERATE_INFOPLIST_FILE = YES;
				INFOPLIST_FILE = UiTetsTable/Info.plist;
				INFOPLIST_KEY_UIApplicationSupportsIndirectInputEvents = YES;
				INFOPLIST_KEY_UILaunchStoryboardName = LaunchScreen;
				INFOPLIST_KEY_UIMainStoryboardFile = Main;
				INFOPLIST_KEY_UISupportedInterfaceOrientations_iPad = "UIInterfaceOrientationPortrait UIInterfaceOrientationPortraitUpsideDown UIInterfaceOrientationLandscapeLeft UIInterfaceOrientationLandscapeRight";
				INFOPLIST_KEY_UISupportedInterfaceOrientations_iPhone = "UIInterfaceOrientationPortrait UIInterfaceOrientationLandscapeLeft UIInterfaceOrientationLandscapeRight";
				LD_RUNPATH_SEARCH_PATHS = (
					"$(inherited)",
					"@executable_path/Frameworks",
				);
				MARKETING_VERSION = 1.0;
				PRODUCT_BUNDLE_IDENTIFIER = com.tht.UiTetsTable;
				PRODUCT_NAME = "$(TARGET_NAME)";
				SWIFT_EMIT_LOC_STRINGS = YES;
				SWIFT_VERSION = 5.0;
				TARGETED_DEVICE_FAMILY = "1,2";
			};
			name = Release;
		};
		2588C8F42A08C89D002F7EC7 /* Debug */ = {
			isa = XCBuildConfiguration;
			buildSettings = {
				ALWAYS_EMBED_SWIFT_STANDARD_LIBRARIES = YES;
				BUNDLE_LOADER = "$(TEST_HOST)";
				CODE_SIGN_STYLE = Automatic;
				CURRENT_PROJECT_VERSION = 1;
				DEVELOPMENT_TEAM = 3K452862FK;
				GENERATE_INFOPLIST_FILE = YES;
				IPHONEOS_DEPLOYMENT_TARGET = 15.0;
				LD_RUNPATH_SEARCH_PATHS = (
					"$(inherited)",
					"@executable_path/Frameworks",
					"@loader_path/Frameworks",
				);
				MARKETING_VERSION = 1.0;
				PRODUCT_BUNDLE_IDENTIFIER = com.tht.UiTetsTableTests;
				PRODUCT_NAME = "$(TARGET_NAME)";
				SWIFT_EMIT_LOC_STRINGS = NO;
				SWIFT_VERSION = 5.0;
				TARGETED_DEVICE_FAMILY = "1,2";
				TEST_HOST = "$(BUILT_PRODUCTS_DIR)/UiTetsTable.app/UiTetsTable";
			};
			name = Debug;
		};
		2588C8F52A08C89D002F7EC7 /* Release */ = {
			isa = XCBuildConfiguration;
			buildSettings = {
				ALWAYS_EMBED_SWIFT_STANDARD_LIBRARIES = YES;
				BUNDLE_LOADER = "$(TEST_HOST)";
				CODE_SIGN_STYLE = Automatic;
				CURRENT_PROJECT_VERSION = 1;
				DEVELOPMENT_TEAM = 3K452862FK;
				GENERATE_INFOPLIST_FILE = YES;
				IPHONEOS_DEPLOYMENT_TARGET = 15.0;
				LD_RUNPATH_SEARCH_PATHS = (
					"$(inherited)",
					"@executable_path/Frameworks",
					"@loader_path/Frameworks",
				);
				MARKETING_VERSION = 1.0;
				PRODUCT_BUNDLE_IDENTIFIER = com.tht.UiTetsTableTests;
				PRODUCT_NAME = "$(TARGET_NAME)";
				SWIFT_EMIT_LOC_STRINGS = NO;
				SWIFT_VERSION = 5.0;
				TARGETED_DEVICE_FAMILY = "1,2";
				TEST_HOST = "$(BUILT_PRODUCTS_DIR)/UiTetsTable.app/UiTetsTable";
			};
			name = Release;
		};
		2588C8F72A08C89D002F7EC7 /* Debug */ = {
			isa = XCBuildConfiguration;
			buildSettings = {
				ALWAYS_EMBED_SWIFT_STANDARD_LIBRARIES = YES;
				CODE_SIGN_STYLE = Automatic;
				CURRENT_PROJECT_VERSION = 1;
				DEVELOPMENT_TEAM = 3K452862FK;
				GENERATE_INFOPLIST_FILE = YES;
				LD_RUNPATH_SEARCH_PATHS = (
					"$(inherited)",
					"@executable_path/Frameworks",
					"@loader_path/Frameworks",
				);
				MARKETING_VERSION = 1.0;
				PRODUCT_BUNDLE_IDENTIFIER = com.tht.UiTetsTableUITests;
				PRODUCT_NAME = "$(TARGET_NAME)";
				SWIFT_EMIT_LOC_STRINGS = NO;
				SWIFT_VERSION = 5.0;
				TARGETED_DEVICE_FAMILY = "1,2";
				TEST_TARGET_NAME = UiTetsTable;
			};
			name = Debug;
		};
		2588C8F82A08C89D002F7EC7 /* Release */ = {
			isa = XCBuildConfiguration;
			buildSettings = {
				ALWAYS_EMBED_SWIFT_STANDARD_LIBRARIES = YES;
				CODE_SIGN_STYLE = Automatic;
				CURRENT_PROJECT_VERSION = 1;
				DEVELOPMENT_TEAM = 3K452862FK;
				GENERATE_INFOPLIST_FILE = YES;
				LD_RUNPATH_SEARCH_PATHS = (
					"$(inherited)",
					"@executable_path/Frameworks",
					"@loader_path/Frameworks",
				);
				MARKETING_VERSION = 1.0;
				PRODUCT_BUNDLE_IDENTIFIER = com.tht.UiTetsTableUITests;
				PRODUCT_NAME = "$(TARGET_NAME)";
				SWIFT_EMIT_LOC_STRINGS = NO;
				SWIFT_VERSION = 5.0;
				TARGETED_DEVICE_FAMILY = "1,2";
				TEST_TARGET_NAME = UiTetsTable;
			};
			name = Release;
		};
/* End XCBuildConfiguration section */

/* Begin XCConfigurationList section */
		2588C8C12A08C89C002F7EC7 /* Build configuration list for PBXProject "UiTetsTable" */ = {
			isa = XCConfigurationList;
			buildConfigurations = (
				2588C8EE2A08C89D002F7EC7 /* Debug */,
				2588C8EF2A08C89D002F7EC7 /* Release */,
			);
			defaultConfigurationIsVisible = 0;
			defaultConfigurationName = Release;
		};
		2588C8F02A08C89D002F7EC7 /* Build configuration list for PBXNativeTarget "UiTetsTable" */ = {
			isa = XCConfigurationList;
			buildConfigurations = (
				2588C8F12A08C89D002F7EC7 /* Debug */,
				2588C8F22A08C89D002F7EC7 /* Release */,
			);
			defaultConfigurationIsVisible = 0;
			defaultConfigurationName = Release;
		};
		2588C8F32A08C89D002F7EC7 /* Build configuration list for PBXNativeTarget "UiTetsTableTests" */ = {
			isa = XCConfigurationList;
			buildConfigurations = (
				2588C8F42A08C89D002F7EC7 /* Debug */,
				2588C8F52A08C89D002F7EC7 /* Release */,
			);
			defaultConfigurationIsVisible = 0;
			defaultConfigurationName = Release;
		};
		2588C8F62A08C89D002F7EC7 /* Build configuration list for PBXNativeTarget "UiTetsTableUITests" */ = {
			isa = XCConfigurationList;
			buildConfigurations = (
				2588C8F72A08C89D002F7EC7 /* Debug */,
				2588C8F82A08C89D002F7EC7 /* Release */,
			);
			defaultConfigurationIsVisible = 0;
			defaultConfigurationName = Release;
		};
/* End XCConfigurationList section */
	};
	rootObject = 2588C8BE2A08C89C002F7EC7 /* Project object */;
}
